Microsoft Visual Studio Solution File, Format Version 12.00
# Visual Studio Version 17
VisualStudioVersion = 17.5.2.0
MinimumVisualStudioVersion = 10.0.40219.1
Project("{FAE04EC0-301F-11D3-BF4B-00C04F79EFBC}") = "CoreFitness.Presentation", "CoreFitness.Presentation.csproj", "{0B2FEFCA-C064-9A23-DBE7-EB249B9D0351}"
EndProject
Global
	GlobalSection(SolutionConfigurationPlatforms) = preSolution
		Debug|Any CPU = Debug|Any CPU
		Release|Any CPU = Release|Any CPU
	EndGlobalSection
	GlobalSection(ProjectConfigurationPlatforms) = postSolution
		{0B2FEFCA-C064-9A23-DBE7-EB249B9D0351}.Debug|Any CPU.ActiveCfg = Debug|Any CPU
		{0B2FEFCA-C064-9A23-DBE7-EB249B9D0351}.Debug|Any CPU.Build.0 = Debug|Any CPU
		{0B2FEFCA-C064-9A23-DBE7-EB249B9D0351}.Release|Any CPU.ActiveCfg = Release|Any CPU
		{0B2FEFCA-C064-9A23-DBE7-EB249B9D0351}.Release|Any CPU.Build.0 = Release|Any CPU
	EndGlobalSection
	GlobalSection(SolutionProperties) = preSolution
		HideSolutionNode = FALSE
	EndGlobalSection
	GlobalSection(ExtensibilityGlobals) = postSolution
		SolutionGuid = {7863A958-E7FF-4A1B-88D5-9AC405FD0CB6}
	EndGlobalSection
EndGlobal
